
Microsoft Visual Studio Solution File, Format Version 12.00
# Visual Studio Version 17
VisualStudioVersion = 17.0.31912.275
MinimumVisualStudioVersion = 10.0.40219.1
Project("{9A19103F-16F7-4668-BE54-9A1E7A4F7556}") = "MoonMQ.Core", "MoonMQ.Core\MoonMQ.Core.csproj", "{EFDC95BB-2A50-4BD4-8521-C0F0DB001099}"
EndProject
Project("{E53339B2-1760-4266-BCC7-CA923CBCF16C}") = "docker-compose", "docker-compose.dcproj", "{4B40A3F7-012E-4480-8B10-A67A8CC775F7}"
EndProject
Project("{9A19103F-16F7-4668-BE54-9A1E7A4F7556}") = "MoonMQ.Hosting", "MoonMQ.Hosting\MoonMQ.Hosting.csproj", "{DC5E1EE6-00F3-4E8E-94A3-F62B45D0A9F3}"
EndProject
Global
	GlobalSection(SolutionConfigurationPlatforms) = preSolution
		Debug|Any CPU = Debug|Any CPU
		Release|Any CPU = Release|Any CPU
	EndGlobalSection
	GlobalSection(ProjectConfigurationPlatforms) = postSolution
		{EFDC95BB-2A50-4BD4-8521-C0F0DB001099}.Debug|Any CPU.ActiveCfg = Debug|Any CPU
		{EFDC95BB-2A50-4BD4-8521-C0F0DB001099}.Debug|Any CPU.Build.0 = Debug|Any CPU
		{EFDC95BB-2A50-4BD4-8521-C0F0DB001099}.Release|Any CPU.ActiveCfg = Release|Any CPU
		{EFDC95BB-2A50-4BD4-8521-C0F0DB001099}.Release|Any CPU.Build.0 = Release|Any CPU
		{4B40A3F7-012E-4480-8B10-A67A8CC775F7}.Debug|Any CPU.ActiveCfg = Debug|Any CPU
		{4B40A3F7-012E-4480-8B10-A67A8CC775F7}.Debug|Any CPU.Build.0 = Debug|Any CPU
		{4B40A3F7-012E-4480-8B10-A67A8CC775F7}.Release|Any CPU.ActiveCfg = Release|Any CPU
		{4B40A3F7-012E-4480-8B10-A67A8CC775F7}.Release|Any CPU.Build.0 = Release|Any CPU
		{DC5E1EE6-00F3-4E8E-94A3-F62B45D0A9F3}.Debug|Any CPU.ActiveCfg = Debug|Any CPU
		{DC5E1EE6-00F3-4E8E-94A3-F62B45D0A9F3}.Debug|Any CPU.Build.0 = Debug|Any CPU
		{DC5E1EE6-00F3-4E8E-94A3-F62B45D0A9F3}.Release|Any CPU.ActiveCfg = Release|Any CPU
		{DC5E1EE6-00F3-4E8E-94A3-F62B45D0A9F3}.Release|Any CPU.Build.0 = Release|Any CPU
	EndGlobalSection
	GlobalSection(SolutionProperties) = preSolution
		HideSolutionNode = FALSE
	EndGlobalSection
	GlobalSection(ExtensibilityGlobals) = postSolution
		SolutionGuid = {F0A789FE-52BB-4C97-AD26-34B61EB6E138}
	EndGlobalSection
EndGlobal
