
Microsoft Visual Studio Solution File, Format Version 12.00
# Visual Studio Version 17
VisualStudioVersion = 17.0.31912.275
MinimumVisualStudioVersion = 10.0.40219.1
Project("{FAE04EC0-301F-11D3-BF4B-00C04F79EFBC}") = "MoonMQ.Core", "MoonMQ.Core\MoonMQ.Core.csproj", "{EFDC95BB-2A50-4BD4-8521-C0F0DB001099}"
EndProject
Global
	GlobalSection(SolutionConfigurationPlatforms) = preSolution
		Debug|Any CPU = Debug|Any CPU
		Release|Any CPU = Release|Any CPU
	EndGlobalSection
	GlobalSection(ProjectConfigurationPlatforms) = postSolution
		{EFDC95BB-2A50-4BD4-8521-C0F0DB001099}.Debug|Any CPU.ActiveCfg = Debug|Any CPU
		{EFDC95BB-2A50-4BD4-8521-C0F0DB001099}.Debug|Any CPU.Build.0 = Debug|Any CPU
		{EFDC95BB-2A50-4BD4-8521-C0F0DB001099}.Release|Any CPU.ActiveCfg = Release|Any CPU
		{EFDC95BB-2A50-4BD4-8521-C0F0DB001099}.Release|Any CPU.Build.0 = Release|Any CPU
	EndGlobalSection
	GlobalSection(SolutionProperties) = preSolution
		HideSolutionNode = FALSE
	EndGlobalSection
	GlobalSection(ExtensibilityGlobals) = postSolution
		SolutionGuid = {F0A789FE-52BB-4C97-AD26-34B61EB6E138}
	EndGlobalSection
EndGlobal
